// !$*UTF8*$!
{
	archiveVersion = 1;
	classes = {
	};
	objectVersion = 46;
	objects = {

/* Begin PBXBuildFile section */
		8174FE261A1BDCC6008A4F13 /* main.m in Sources */ = {isa = PBXBuildFile; fileRef = 8174FE251A1BDCC6008A4F13 /* main.m */; };
		8174FE291A1BDCC6008A4F13 /* AppDelegate.m in Sources */ = {isa = PBXBuildFile; fileRef = 8174FE281A1BDCC6008A4F13 /* AppDelegate.m */; };
		8174FE2C1A1BDCC6008A4F13 /* ViewController.m in Sources */ = {isa = PBXBuildFile; fileRef = 8174FE2B1A1BDCC6008A4F13 /* ViewController.m */; };
		8174FE2F1A1BDCC6008A4F13 /* Main.storyboard in Resources */ = {isa = PBXBuildFile; fileRef = 8174FE2D1A1BDCC6008A4F13 /* Main.storyboard */; };
		8174FE311A1BDCC6008A4F13 /* Images.xcassets in Resources */ = {isa = PBXBuildFile; fileRef = 8174FE301A1BDCC6008A4F13 /* Images.xcassets */; };
		8174FE341A1BDCC6008A4F13 /* LaunchScreen.xib in Resources */ = {isa = PBXBuildFile; fileRef = 8174FE321A1BDCC6008A4F13 /* LaunchScreen.xib */; };
		8174FE401A1BDCC6008A4F13 /* MCMSTests.m in Sources */ = {isa = PBXBuildFile; fileRef = 8174FE3F1A1BDCC6008A4F13 /* MCMSTests.m */; };
		8174FE4B1A1BDD4A008A4F13 /* MagicalCreature.m in Sources */ = {isa = PBXBuildFile; fileRef = 8174FE4A1A1BDD4A008A4F13 /* MagicalCreature.m */; };
		8174FE4E1A24F5EE008A4F13 /* CreatureViewController.m in Sources */ = {isa = PBXBuildFile; fileRef = 8174FE4D1A24F5EE008A4F13 /* CreatureViewController.m */; };
/* End PBXBuildFile section */

/* Begin PBXContainerItemProxy section */
		8174FE3A1A1BDCC6008A4F13 /* PBXContainerItemProxy */ = {
			isa = PBXContainerItemProxy;
			containerPortal = 8174FE181A1BDCC6008A4F13 /* Project object */;
			proxyType = 1;
			remoteGlobalIDString = 8174FE1F1A1BDCC6008A4F13;
			remoteInfo = MCMS;
		};
/* End PBXContainerItemProxy section */

/* Begin PBXFileReference section */
		8174FE201A1BDCC6008A4F13 /* MCMS.app */ = {isa = PBXFileReference; explicitFileType = wrapper.application; includeInIndex = 0; path = MCMS.app; sourceTree = BUILT_PRODUCTS_DIR; };
		8174FE241A1BDCC6008A4F13 /* Info.plist */ = {isa = PBXFileReference; lastKnownFileType = text.plist.xml; path = Info.plist; sourceTree = "<group>"; };
		8174FE251A1BDCC6008A4F13 /* main.m */ = {isa = PBXFileReference; lastKnownFileType = sourcecode.c.objc; path = main.m; sourceTree = "<group>"; };
		8174FE271A1BDCC6008A4F13 /* AppDelegate.h */ = {isa = PBXFileReference; lastKnownFileType = sourcecode.c.h; path = AppDelegate.h; sourceTree = "<group>"; };
		8174FE281A1BDCC6008A4F13 /* AppDelegate.m */ = {isa = PBXFileReference; lastKnownFileType = sourcecode.c.objc; path = AppDelegate.m; sourceTree = "<group>"; };
		8174FE2A1A1BDCC6008A4F13 /* ViewController.h */ = {isa = PBXFileReference; lastKnownFileType = sourcecode.c.h; path = ViewController.h; sourceTree = "<group>"; };
		8174FE2B1A1BDCC6008A4F13 /* ViewController.m */ = {isa = PBXFileReference; lastKnownFileType = sourcecode.c.objc; path = ViewController.m; sourceTree = "<group>"; };
		8174FE2E1A1BDCC6008A4F13 /* Base */ = {isa = PBXFileReference; lastKnownFileType = file.storyboard; name = Base; path = Base.lproj/Main.storyboard; sourceTree = "<group>"; };
		8174FE301A1BDCC6008A4F13 /* Images.xcassets */ = {isa = PBXFileReference; lastKnownFileType = folder.assetcatalog; path = Images.xcassets; sourceTree = "<group>"; };
		8174FE331A1BDCC6008A4F13 /* Base */ = {isa = PBXFileReference; lastKnownFileType = file.xib; name = Base; path = Base.lproj/LaunchScreen.xib; sourceTree = "<group>"; };
		8174FE391A1BDCC6008A4F13 /* MCMSTests.xctest */ = {isa = PBXFileReference; explicitFileType = wrapper.cfbundle; includeInIndex = 0; path = MCMSTests.xctest; sourceTree = BUILT_PRODUCTS_DIR; };
		8174FE3E1A1BDCC6008A4F13 /* Info.plist */ = {isa = PBXFileReference; lastKnownFileType = text.plist.xml; path = Info.plist; sourceTree = "<group>"; };
		8174FE3F1A1BDCC6008A4F13 /* MCMSTests.m */ = {isa = PBXFileReference; lastKnownFileType = sourcecode.c.objc; path = MCMSTests.m; sourceTree = "<group>"; };
		8174FE491A1BDD4A008A4F13 /* MagicalCreature.h */ = {isa = PBXFileReference; fileEncoding = 4; lastKnownFileType = sourcecode.c.h; path = MagicalCreature.h; sourceTree = "<group>"; };
		8174FE4A1A1BDD4A008A4F13 /* MagicalCreature.m */ = {isa = PBXFileReference; fileEncoding = 4; lastKnownFileType = sourcecode.c.objc; path = MagicalCreature.m; sourceTree = "<group>"; };
		8174FE4C1A24F5EE008A4F13 /* CreatureViewController.h */ = {isa = PBXFileReference; fileEncoding = 4; lastKnownFileType = sourcecode.c.h; path = CreatureViewController.h; sourceTree = "<group>"; };
		8174FE4D1A24F5EE008A4F13 /* CreatureViewController.m */ = {isa = PBXFileReference; fileEncoding = 4; lastKnownFileType = sourcecode.c.objc; path = CreatureViewController.m; sourceTree = "<group>"; };
/* End PBXFileReference section */

/* Begin PBXFrameworksBuildPhase section */
		8174FE1D1A1BDCC6008A4F13 /* Frameworks */ = {
			isa = PBXFrameworksBuildPhase;
			buildActionMask = 2147483647;
			files = (
			);
			runOnlyForDeploymentPostprocessing = 0;
		};
		8174FE361A1BDCC6008A4F13 /* Frameworks */ = {
			isa = PBXFrameworksBuildPhase;
			buildActionMask = 2147483647;
			files = (
			);
			runOnlyForDeploymentPostprocessing = 0;
		};
/* End PBXFrameworksBuildPhase section */

/* Begin PBXGroup section */
		8174FE171A1BDCC6008A4F13 = {
			isa = PBXGroup;
			children = (
				8174FE221A1BDCC6008A4F13 /* MCMS */,
				8174FE3C1A1BDCC6008A4F13 /* MCMSTests */,
				8174FE211A1BDCC6008A4F13 /* Products */,
			);
			sourceTree = "<group>";
		};
		8174FE211A1BDCC6008A4F13 /* Products */ = {
			isa = PBXGroup;
			children = (
				8174FE201A1BDCC6008A4F13 /* MCMS.app */,
				8174FE391A1BDCC6008A4F13 /* MCMSTests.xctest */,
			);
			name = Products;
			sourceTree = "<group>";
		};
		8174FE221A1BDCC6008A4F13 /* MCMS */ = {
			isa = PBXGroup;
			children = (
				8174FE271A1BDCC6008A4F13 /* AppDelegate.h */,
				8174FE281A1BDCC6008A4F13 /* AppDelegate.m */,
				8174FE2A1A1BDCC6008A4F13 /* ViewController.h */,
				8174FE2B1A1BDCC6008A4F13 /* ViewController.m */,
				8174FE2D1A1BDCC6008A4F13 /* Main.storyboard */,
				8174FE301A1BDCC6008A4F13 /* Images.xcassets */,
				8174FE321A1BDCC6008A4F13 /* LaunchScreen.xib */,
				8174FE231A1BDCC6008A4F13 /* Supporting Files */,
				8174FE491A1BDD4A008A4F13 /* MagicalCreature.h */,
				8174FE4A1A1BDD4A008A4F13 /* MagicalCreature.m */,
				8174FE4C1A24F5EE008A4F13 /* CreatureViewController.h */,
				8174FE4D1A24F5EE008A4F13 /* CreatureViewController.m */,
			);
			path = MCMS;
			sourceTree = "<group>";
		};
		8174FE231A1BDCC6008A4F13 /* Supporting Files */ = {
			isa = PBXGroup;
			children = (
				8174FE241A1BDCC6008A4F13 /* Info.plist */,
				8174FE251A1BDCC6008A4F13 /* main.m */,
			);
			name = "Supporting Files";
			sourceTree = "<group>";
		};
		8174FE3C1A1BDCC6008A4F13 /* MCMSTests */ = {
			isa = PBXGroup;
			children = (
				8174FE3F1A1BDCC6008A4F13 /* MCMSTests.m */,
				8174FE3D1A1BDCC6008A4F13 /* Supporting Files */,
			);
			path = MCMSTests;
			sourceTree = "<group>";
		};
		8174FE3D1A1BDCC6008A4F13 /* Supporting Files */ = {
			isa = PBXGroup;
			children = (
				8174FE3E1A1BDCC6008A4F13 /* Info.plist */,
			);
			name = "Supporting Files";
			sourceTree = "<group>";
		};
/* End PBXGroup section */

/* Begin PBXNativeTarget section */
		8174FE1F1A1BDCC6008A4F13 /* MCMS */ = {
			isa = PBXNativeTarget;
			buildConfigurationList = 8174FE431A1BDCC6008A4F13 /* Build configuration list for PBXNativeTarget "MCMS" */;
			buildPhases = (
				8174FE1C1A1BDCC6008A4F13 /* Sources */,
				8174FE1D1A1BDCC6008A4F13 /* Frameworks */,
				8174FE1E1A1BDCC6008A4F13 /* Resources */,
			);
			buildRules = (
			);
			dependencies = (
			);
			name = MCMS;
			productName = MCMS;
			productReference = 8174FE201A1BDCC6008A4F13 /* MCMS.app */;
			productType = "com.apple.product-type.application";
		};
		8174FE381A1BDCC6008A4F13 /* MCMSTests */ = {
			isa = PBXNativeTarget;
			buildConfigurationList = 8174FE461A1BDCC6008A4F13 /* Build configuration list for PBXNativeTarget "MCMSTests" */;
			buildPhases = (
				8174FE351A1BDCC6008A4F13 /* Sources */,
				8174FE361A1BDCC6008A4F13 /* Frameworks */,
				8174FE371A1BDCC6008A4F13 /* Resources */,
			);
			buildRules = (
			);
			dependencies = (
				8174FE3B1A1BDCC6008A4F13 /* PBXTargetDependency */,
			);
			name = MCMSTests;
			productName = MCMSTests;
			productReference = 8174FE391A1BDCC6008A4F13 /* MCMSTests.xctest */;
			productType = "com.apple.product-type.bundle.unit-test";
		};
/* End PBXNativeTarget section */

/* Begin PBXProject section */
		8174FE181A1BDCC6008A4F13 /* Project object */ = {
			isa = PBXProject;
			attributes = {
				LastUpgradeCheck = 0610;
				ORGANIZATIONNAME = miganbec;
				TargetAttributes = {
					8174FE1F1A1BDCC6008A4F13 = {
						CreatedOnToolsVersion = 6.1;
					};
					8174FE381A1BDCC6008A4F13 = {
						CreatedOnToolsVersion = 6.1;
						TestTargetID = 8174FE1F1A1BDCC6008A4F13;
					};
				};
			};
			buildConfigurationList = 8174FE1B1A1BDCC6008A4F13 /* Build configuration list for PBXProject "MCMS" */;
			compatibilityVersion = "Xcode 3.2";
			developmentRegion = English;
			hasScannedForEncodings = 0;
			knownRegions = (
				en,
				Base,
			);
			mainGroup = 8174FE171A1BDCC6008A4F13;
			productRefGroup = 8174FE211A1BDCC6008A4F13 /* Products */;
			projectDirPath = "";
			projectRoot = "";
			targets = (
				8174FE1F1A1BDCC6008A4F13 /* MCMS */,
				8174FE381A1BDCC6008A4F13 /* MCMSTests */,
			);
		};
/* End PBXProject section */

/* Begin PBXResourcesBuildPhase section */
		8174FE1E1A1BDCC6008A4F13 /* Resources */ = {
			isa = PBXResourcesBuildPhase;
			buildActionMask = 2147483647;
			files = (
				8174FE2F1A1BDCC6008A4F13 /* Main.storyboard in Resources */,
				8174FE341A1BDCC6008A4F13 /* LaunchScreen.xib in Resources */,
				8174FE311A1BDCC6008A4F13 /* Images.xcassets in Resources */,
			);
			runOnlyForDeploymentPostprocessing = 0;
		};
		8174FE371A1BDCC6008A4F13 /* Resources */ = {
			isa = PBXResourcesBuildPhase;
			buildActionMask = 2147483647;
			files = (
			);
			runOnlyForDeploymentPostprocessing = 0;
		};
/* End PBXResourcesBuildPhase section */

/* Begin PBXSourcesBuildPhase section */
		8174FE1C1A1BDCC6008A4F13 /* Sources */ = {
			isa = PBXSourcesBuildPhase;
			buildActionMask = 2147483647;
			files = (
				8174FE2C1A1BDCC6008A4F13 /* ViewController.m in Sources */,
				8174FE4B1A1BDD4A008A4F13 /* MagicalCreature.m in Sources */,
				8174FE291A1BDCC6008A4F13 /* AppDelegate.m in Sources */,
				8174FE4E1A24F5EE008A4F13 /* CreatureViewController.m in Sources */,
				8174FE261A1BDCC6008A4F13 /* main.m in Sources */,
			);
			runOnlyForDeploymentPostprocessing = 0;
		};
		8174FE351A1BDCC6008A4F13 /* Sources */ = {
			isa = PBXSourcesBuildPhase;
			buildActionMask = 2147483647;
			files = (
				8174FE401A1BDCC6008A4F13 /* MCMSTests.m in Sources */,
			);
			runOnlyForDeploymentPostprocessing = 0;
		};
/* End PBXSourcesBuildPhase section */

/* Begin PBXTargetDependency section */
		8174FE3B1A1BDCC6008A4F13 /* PBXTargetDependency */ = {
			isa = PBXTargetDependency;
			target = 8174FE1F1A1BDCC6008A4F13 /* MCMS */;
			targetProxy = 8174FE3A1A1BDCC6008A4F13 /* PBXContainerItemProxy */;
		};
/* End PBXTargetDependency section */

/* Begin PBXVariantGroup section */
		8174FE2D1A1BDCC6008A4F13 /* Main.storyboard */ = {
			isa = PBXVariantGroup;
			children = (
				8174FE2E1A1BDCC6008A4F13 /* Base */,
			);
			name = Main.storyboard;
			sourceTree = "<group>";
		};
		8174FE321A1BDCC6008A4F13 /* LaunchScreen.xib */ = {
			isa = PBXVariantGroup;
			children = (
				8174FE331A1BDCC6008A4F13 /* Base */,
			);
			name = LaunchScreen.xib;
			sourceTree = "<group>";
		};
/* End PBXVariantGroup section */

/* Begin XCBuildConfiguration section */
		8174FE411A1BDCC6008A4F13 /* Debug */ = {
			isa = XCBuildConfiguration;
			buildSettings = {
				ALWAYS_SEARCH_USER_PATHS = NO;
				CLANG_CXX_LANGUAGE_STANDARD = "gnu++0x";
				CLANG_CXX_LIBRARY = "libc++";
				CLANG_ENABLE_MODULES = YES;
				CLANG_ENABLE_OBJC_ARC = YES;
				CLANG_WARN_BOOL_CONVERSION = YES;
				CLANG_WARN_CONSTANT_CONVERSION = YES;
				CLANG_WARN_DIRECT_OBJC_ISA_USAGE = YES_ERROR;
				CLANG_WARN_EMPTY_BODY = YES;
				CLANG_WARN_ENUM_CONVERSION = YES;
				CLANG_WARN_INT_CONVERSION = YES;
				CLANG_WARN_OBJC_ROOT_CLASS = YES_ERROR;
				CLANG_WARN_UNREACHABLE_CODE = YES;
				CLANG_WARN__DUPLICATE_METHOD_MATCH = YES;
				"CODE_SIGN_IDENTITY[sdk=iphoneos*]" = "iPhone Developer";
				COPY_PHASE_STRIP = NO;
				ENABLE_STRICT_OBJC_MSGSEND = YES;
				GCC_C_LANGUAGE_STANDARD = gnu99;
				GCC_DYNAMIC_NO_PIC = NO;
				GCC_OPTIMIZATION_LEVEL = 0;
				GCC_PREPROCESSOR_DEFINITIONS = (
					"DEBUG=1",
					"$(inherited)",
				);
				GCC_SYMBOLS_PRIVATE_EXTERN = NO;
				GCC_WARN_64_TO_32_BIT_CONVERSION = YES;
				GCC_WARN_ABOUT_RETURN_TYPE = YES_ERROR;
				GCC_WARN_UNDECLARED_SELECTOR = YES;
				GCC_WARN_UNINITIALIZED_AUTOS = YES_AGGRESSIVE;
				GCC_WARN_UNUSED_FUNCTION = YES;
				GCC_WARN_UNUSED_VARIABLE = YES;
				IPHONEOS_DEPLOYMENT_TARGET = 8.1;
				MTL_ENABLE_DEBUG_INFO = YES;
				ONLY_ACTIVE_ARCH = YES;
				SDKROOT = iphoneos;
			};
			name = Debug;
		};
		8174FE421A1BDCC6008A4F13 /* Release */ = {
			isa = XCBuildConfiguration;
			buildSettings = {
				ALWAYS_SEARCH_USER_PATHS = NO;
				CLANG_CXX_LANGUAGE_STANDARD = "gnu++0x";
				CLANG_CXX_LIBRARY = "libc++";
				CLANG_ENABLE_MODULES = YES;
				CLANG_ENABLE_OBJC_ARC = YES;
				CLANG_WARN_BOOL_CONVERSION = YES;
				CLANG_WARN_CONSTANT_CONVERSION = YES;
				CLANG_WARN_DIRECT_OBJC_ISA_USAGE = YES_ERROR;
				CLANG_WARN_EMPTY_BODY = YES;
				CLANG_WARN_ENUM_CONVERSION = YES;
				CLANG_WARN_INT_CONVERSION = YES;
				CLANG_WARN_OBJC_ROOT_CLASS = YES_ERROR;
				CLANG_WARN_UNREACHABLE_CODE = YES;
				CLANG_WARN__DUPLICATE_METHOD_MATCH = YES;
				"CODE_SIGN_IDENTITY[sdk=iphoneos*]" = "iPhone Developer";
				COPY_PHASE_STRIP = YES;
				ENABLE_NS_ASSERTIONS = NO;
				ENABLE_STRICT_OBJC_MSGSEND = YES;
				GCC_C_LANGUAGE_STANDARD = gnu99;
				GCC_WARN_64_TO_32_BIT_CONVERSION = YES;
				GCC_WARN_ABOUT_RETURN_TYPE = YES_ERROR;
				GCC_WARN_UNDECLARED_SELECTOR = YES;
				GCC_WARN_UNINITIALIZED_AUTOS = YES_AGGRESSIVE;
				GCC_WARN_UNUSED_FUNCTION = YES;
				GCC_WARN_UNUSED_VARIABLE = YES;
				IPHONEOS_DEPLOYMENT_TARGET = 8.1;
				MTL_ENABLE_DEBUG_INFO = NO;
				SDKROOT = iphoneos;
				VALIDATE_PRODUCT = YES;
			};
			name = Release;
		};
		8174FE441A1BDCC6008A4F13 /* Debug */ = {
			isa = XCBuildConfiguration;
			buildSettings = {
				ASSETCATALOG_COMPILER_APPICON_NAME = AppIcon;
				INFOPLIST_FILE = MCMS/Info.plist;
				LD_RUNPATH_SEARCH_PATHS = "$(inherited) @executable_path/Frameworks";
				PRODUCT_NAME = "$(TARGET_NAME)";
			};
			name = Debug;
		};
		8174FE451A1BDCC6008A4F13 /* Release */ = {
			isa = XCBuildConfiguration;
			buildSettings = {
				ASSETCATALOG_COMPILER_APPICON_NAME = AppIcon;
				INFOPLIST_FILE = MCMS/Info.plist;
				LD_RUNPATH_SEARCH_PATHS = "$(inherited) @executable_path/Frameworks";
				PRODUCT_NAME = "$(TARGET_NAME)";
			};
			name = Release;
		};
		8174FE471A1BDCC6008A4F13 /* Debug */ = {
			isa = XCBuildConfiguration;
			buildSettings = {
				BUNDLE_LOADER = "$(TEST_HOST)";
				FRAMEWORK_SEARCH_PATHS = (
					"$(SDKROOT)/Developer/Library/Frameworks",
					"$(inherited)",
				);
				GCC_PREPROCESSOR_DEFINITIONS = (
					"DEBUG=1",
					"$(inherited)",
				);
				INFOPLIST_FILE = MCMSTests/Info.plist;
				LD_RUNPATH_SEARCH_PATHS = "$(inherited) @executable_path/Frameworks @loader_path/Frameworks";
				PRODUCT_NAME = "$(TARGET_NAME)";
				TEST_HOST = "$(BUILT_PRODUCTS_DIR)/MCMS.app/MCMS";
			};
			name = Debug;
		};
		8174FE481A1BDCC6008A4F13 /* Release */ = {
			isa = XCBuildConfiguration;
			buildSettings = {
				BUNDLE_LOADER = "$(TEST_HOST)";
				FRAMEWORK_SEARCH_PATHS = (
					"$(SDKROOT)/Developer/Library/Frameworks",
					"$(inherited)",
				);
				INFOPLIST_FILE = MCMSTests/Info.plist;
				LD_RUNPATH_SEARCH_PATHS = "$(inherited) @executable_path/Frameworks @loader_path/Frameworks";
				PRODUCT_NAME = "$(TARGET_NAME)";
				TEST_HOST = "$(BUILT_PRODUCTS_DIR)/MCMS.app/MCMS";
			};
			name = Release;
		};
/* End XCBuildConfiguration section */

/* Begin XCConfigurationList section */
		8174FE1B1A1BDCC6008A4F13 /* Build configuration list for PBXProject "MCMS" */ = {
			isa = XCConfigurationList;
			buildConfigurations = (
				8174FE411A1BDCC6008A4F13 /* Debug */,
				8174FE421A1BDCC6008A4F13 /* Release */,
			);
			defaultConfigurationIsVisible = 0;
			defaultConfigurationName = Release;
		};
		8174FE431A1BDCC6008A4F13 /* Build configuration list for PBXNativeTarget "MCMS" */ = {
			isa = XCConfigurationList;
			buildConfigurations = (
				8174FE441A1BDCC6008A4F13 /* Debug */,
				8174FE451A1BDCC6008A4F13 /* Release */,
			);
			defaultConfigurationIsVisible = 0;
		};
		8174FE461A1BDCC6008A4F13 /* Build configuration list for PBXNativeTarget "MCMSTests" */ = {
			isa = XCConfigurationList;
			buildConfigurations = (
				8174FE471A1BDCC6008A4F13 /* Debug */,
				8174FE481A1BDCC6008A4F13 /* Release */,
			);
			defaultConfigurationIsVisible = 0;
		};
/* End XCConfigurationList section */
	};
	rootObject = 8174FE181A1BDCC6008A4F13 /* Project object */;
}
